PODS:
  - boost-for-react-native (1.63.0)
  - BVLinearGradient (2.5.6):
    - React
  - DoubleConversion (1.1.6)
  - FBLazyVector (0.63.3)
  - FBReactNativeSpec (0.63.3):
    - Folly (= 2020.01.13.00)
    - RCTRequired (= 0.63.3)
    - RCTTypeSafety (= 0.63.3)
    - React-Core (= 0.63.3)
    - React-jsi (= 0.63.3)
    - ReactCommon/turbomodule/core (= 0.63.3)
  - Folly (2020.01.13.00):
    - boost-for-react-native
    - DoubleConversion
    - Folly/Default (= 2020.01.13.00)
    - glog
  - Folly/Default (2020.01.13.00):
    - boost-for-react-native
    - DoubleConversion
    - glog
  - glog (0.3.5)
  - Permission-Camera (2.2.2):
    - RNPermissions
  - Permission-MediaLibrary (2.2.2):
    - RNPermissions
  - Permission-PhotoLibrary (2.2.2):
    - RNPermissions
  - RCTRequired (0.63.3)
  - RCTTypeSafety (0.63.3):
    - FBLazyVector (= 0.63.3)
    - Folly (= 2020.01.13.00)
    - RCTRequired (= 0.63.3)
    - React-Core (= 0.63.3)
  - React (0.63.3):
    - React-Core (= 0.63.3)
    - React-Core/DevSupport (= 0.63.3)
    - React-Core/RCTWebSocket (= 0.63.3)
    - React-RCTActionSheet (= 0.63.3)
    - React-RCTAnimation (= 0.63.3)
    - React-RCTBlob (= 0.63.3)
    - React-RCTImage (= 0.63.3)
    - React-RCTLinking (= 0.63.3)
    - React-RCTNetwork (= 0.63.3)
    - React-RCTSettings (= 0.63.3)
    - React-RCTText (= 0.63.3)
    - React-RCTVibration (= 0.63.3)
  - React-callinvoker (0.63.3)
  - React-Core (0.63.3):
    - Folly (= 2020.01.13.00)
    - glog
    - React-Core/Default (= 0.63.3)
    - React-cxxreact (= 0.63.3)
    - React-jsi (= 0.63.3)
    - React-jsiexecutor (= 0.63.3)
    - Yoga
  - React-Core/CoreModulesHeaders (0.63.3):
    - Folly (= 2020.01.13.00)
    - glog
    - React-Core/Default
    - React-cxxreact (= 0.63.3)
    - React-jsi (= 0.63.3)
    - React-jsiexecutor (= 0.63.3)
    - Yoga
  - React-Core/Default (0.63.3):
    - Folly (= 2020.01.13.00)
    - glog
    - React-cxxreact (= 0.63.3)
    - React-jsi (= 0.63.3)
    - React-jsiexecutor (= 0.63.3)
    - Yoga
  - React-Core/DevSupport (0.63.3):
    - Folly (= 2020.01.13.00)
    - glog
    - React-Core/Default (= 0.63.3)
    - React-Core/RCTWebSocket (= 0.63.3)
    - React-cxxreact (= 0.63.3)
    - React-jsi (= 0.63.3)
    - React-jsiexecutor (= 0.63.3)
    - React-jsinspector (= 0.63.3)
    - Yoga
  - React-Core/RCTActionSheetHeaders (0.63.3):
    - Folly (= 2020.01.13.00)
    - glog
    - React-Core/Default
    - React-cxxreact (= 0.63.3)
    - React-jsi (= 0.63.3)
    - React-jsiexecutor (= 0.63.3)
    - Yoga
  - React-Core/RCTAnimationHeaders (0.63.3):
    - Folly (= 2020.01.13.00)
    - glog
    - React-Core/Default
    - React-cxxreact (= 0.63.3)
    - React-jsi (= 0.63.3)
    - React-jsiexecutor (= 0.63.3)
    - Yoga
  - React-Core/RCTBlobHeaders (0.63.3):
    - Folly (= 2020.01.13.00)
    - glog
    - React-Core/Default
    - React-cxxreact (= 0.63.3)
    - React-jsi (= 0.63.3)
    - React-jsiexecutor (= 0.63.3)
    - Yoga
  - React-Core/RCTImageHeaders (0.63.3):
    - Folly (= 2020.01.13.00)
    - glog
    - React-Core/Default
    - React-cxxreact (= 0.63.3)
    - React-jsi (= 0.63.3)
    - React-jsiexecutor (= 0.63.3)
    - Yoga
  - React-Core/RCTLinkingHeaders (0.63.3):
    - Folly (= 2020.01.13.00)
    - glog
    - React-Core/Default
    - React-cxxreact (= 0.63.3)
    - React-jsi (= 0.63.3)
    - React-jsiexecutor (= 0.63.3)
    - Yoga
  - React-Core/RCTNetworkHeaders (0.63.3):
    - Folly (= 2020.01.13.00)
    - glog
    - React-Core/Default
    - React-cxxreact (= 0.63.3)
    - React-jsi (= 0.63.3)
    - React-jsiexecutor (= 0.63.3)
    - Yoga
  - React-Core/RCTSettingsHeaders (0.63.3):
    - Folly (= 2020.01.13.00)
    - glog
    - React-Core/Default
    - React-cxxreact (= 0.63.3)
    - React-jsi (= 0.63.3)
    - React-jsiexecutor (= 0.63.3)
    - Yoga
  - React-Core/RCTTextHeaders (0.63.3):
    - Folly (= 2020.01.13.00)
    - glog
    - React-Core/Default
    - React-cxxreact (= 0.63.3)
    - React-jsi (= 0.63.3)
    - React-jsiexecutor (= 0.63.3)
    - Yoga
  - React-Core/RCTVibrationHeaders (0.63.3):
    - Folly (= 2020.01.13.00)
    - glog
    - React-Core/Default
    - React-cxxreact (= 0.63.3)
    - React-jsi (= 0.63.3)
    - React-jsiexecutor (= 0.63.3)
    - Yoga
  - React-Core/RCTWebSocket (0.63.3):
    - Folly (= 2020.01.13.00)
    - glog
    - React-Core/Default (= 0.63.3)
    - React-cxxreact (= 0.63.3)
    - React-jsi (= 0.63.3)
    - React-jsiexecutor (= 0.63.3)
    - Yoga
  - React-CoreModules (0.63.3):
    - FBReactNativeSpec (= 0.63.3)
    - Folly (= 2020.01.13.00)
    - RCTTypeSafety (= 0.63.3)
    - React-Core/CoreModulesHeaders (= 0.63.3)
    - React-jsi (= 0.63.3)
    - React-RCTImage (= 0.63.3)
    - ReactCommon/turbomodule/core (= 0.63.3)
  - React-cxxreact (0.63.3):
    - boost-for-react-native (= 1.63.0)
    - DoubleConversion
    - Folly (= 2020.01.13.00)
    - glog
    - React-callinvoker (= 0.63.3)
    - React-jsinspector (= 0.63.3)
  - React-jsi (0.63.3):
    - boost-for-react-native (= 1.63.0)
    - DoubleConversion
    - Folly (= 2020.01.13.00)
    - glog
    - React-jsi/Default (= 0.63.3)
  - React-jsi/Default (0.63.3):
    - boost-for-react-native (= 1.63.0)
    - DoubleConversion
    - Folly (= 2020.01.13.00)
    - glog
  - React-jsiexecutor (0.63.3):
    - DoubleConversion
    - Folly (= 2020.01.13.00)
    - glog
    - React-cxxreact (= 0.63.3)
    - React-jsi (= 0.63.3)
  - React-jsinspector (0.63.3)
  - react-native-camera (3.40.0):
    - React-Core
    - react-native-camera/RCT (= 3.40.0)
    - react-native-camera/RN (= 3.40.0)
  - react-native-camera/RCT (3.40.0):
    - React-Core
  - react-native-camera/RN (3.40.0):
    - React-Core
  - react-native-geolocation (2.0.2):
    - React
  - react-native-geolocation-service (5.0.0):
    - React
  - react-native-image-picker (1.1.0):
    - React
  - react-native-maps (0.27.1):
    - React
  - react-native-netinfo (5.9.9):
    - React-Core
  - react-native-notifications (3.4.1):
    - React-Core
  - react-native-version-check (3.4.2):
    - React
  - react-native-webview (10.10.2):
    - React-Core
  - React-RCTActionSheet (0.63.3):
    - React-Core/RCTActionSheetHeaders (= 0.63.3)
  - React-RCTAnimation (0.63.3):
    - FBReactNativeSpec (= 0.63.3)
    - Folly (= 2020.01.13.00)
    - RCTTypeSafety (= 0.63.3)
    - React-Core/RCTAnimationHeaders (= 0.63.3)
    - React-jsi (= 0.63.3)
    - ReactCommon/turbomodule/core (= 0.63.3)
  - React-RCTBlob (0.63.3):
    - FBReactNativeSpec (= 0.63.3)
    - Folly (= 2020.01.13.00)
    - React-Core/RCTBlobHeaders (= 0.63.3)
    - React-Core/RCTWebSocket (= 0.63.3)
    - React-jsi (= 0.63.3)
    - React-RCTNetwork (= 0.63.3)
    - ReactCommon/turbomodule/core (= 0.63.3)
  - React-RCTImage (0.63.3):
    - FBReactNativeSpec (= 0.63.3)
    - Folly (= 2020.01.13.00)
    - RCTTypeSafety (= 0.63.3)
    - React-Core/RCTImageHeaders (= 0.63.3)
    - React-jsi (= 0.63.3)
    - React-RCTNetwork (= 0.63.3)
    - ReactCommon/turbomodule/core (= 0.63.3)
  - React-RCTLinking (0.63.3):
    - FBReactNativeSpec (= 0.63.3)
    - React-Core/RCTLinkingHeaders (= 0.63.3)
    - React-jsi (= 0.63.3)
    - ReactCommon/turbomodule/core (= 0.63.3)
  - React-RCTNetwork (0.63.3):
    - FBReactNativeSpec (= 0.63.3)
    - Folly (= 2020.01.13.00)
    - RCTTypeSafety (= 0.63.3)
    - React-Core/RCTNetworkHeaders (= 0.63.3)
    - React-jsi (= 0.63.3)
    - ReactCommon/turbomodule/core (= 0.63.3)
  - React-RCTSettings (0.63.3):
    - FBReactNativeSpec (= 0.63.3)
    - Folly (= 2020.01.13.00)
    - RCTTypeSafety (= 0.63.3)
    - React-Core/RCTSettingsHeaders (= 0.63.3)
    - React-jsi (= 0.63.3)
    - ReactCommon/turbomodule/core (= 0.63.3)
  - React-RCTText (0.63.3):
    - React-Core/RCTTextHeaders (= 0.63.3)
  - React-RCTVibration (0.63.3):
    - FBReactNativeSpec (= 0.63.3)
    - Folly (= 2020.01.13.00)
    - React-Core/RCTVibrationHeaders (= 0.63.3)
    - React-jsi (= 0.63.3)
    - ReactCommon/turbomodule/core (= 0.63.3)
  - ReactCommon/turbomodule/core (0.63.3):
    - DoubleConversion
    - Folly (= 2020.01.13.00)
    - glog
    - React-callinvoker (= 0.63.3)
    - React-Core (= 0.63.3)
    - React-cxxreact (= 0.63.3)
    - React-jsi (= 0.63.3)
  - ReactNativeAudioToolkit (2.0.3):
    - React
  - RNCAsyncStorage (1.12.1):
    - React-Core
  - RNCCheckbox (0.4.2):
    - React
  - RNCPicker (1.8.1):
    - React-Core
  - RNDateTimePicker (2.6.2):
    - React
  - RNDeviceInfo (5.6.5):
    - React
  - RNGestureHandler (1.5.2):
    - React
  - RNPermissions (2.2.2):
    - React-Core
  - RNReanimated (1.13.2):
    - React-Core
  - RNScreens (2.15.0):
    - React-Core
  - RNSketchCanvas (0.8.0):
    - React
  - RNSVG (9.13.6):
    - React
  - toolbar-android (0.1.0-rc.2):
    - React
  - Yoga (1.14.0)

DEPENDENCIES:
  - BVLinearGradient (from `../node_modules/react-native-linear-gradient`)
  - DoubleConversion (from `../node_modules/react-native/third-party-podspecs/DoubleConversion.podspec`)
  - FBLazyVector (from `../node_modules/react-native/Libraries/FBLazyVector`)
  - FBReactNativeSpec (from `../node_modules/react-native/Libraries/FBReactNativeSpec`)
  - Folly (from `../node_modules/react-native/third-party-podspecs/Folly.podspec`)
  - glog (from `../node_modules/react-native/third-party-podspecs/glog.podspec`)
  - Permission-Camera (from `../node_modules/react-native-permissions/ios/Camera.podspec`)
  - Permission-MediaLibrary (from `../node_modules/react-native-permissions/ios/MediaLibrary.podspec`)
  - Permission-PhotoLibrary (from `../node_modules/react-native-permissions/ios/PhotoLibrary.podspec`)
  - RCTRequired (from `../node_modules/react-native/Libraries/RCTRequired`)
  - RCTTypeSafety (from `../node_modules/react-native/Libraries/TypeSafety`)
  - React (from `../node_modules/react-native/`)
  - React-callinvoker (from `../node_modules/react-native/ReactCommon/callinvoker`)
  - React-Core (from `../node_modules/react-native/`)
  - React-Core/DevSupport (from `../node_modules/react-native/`)
  - React-Core/RCTWebSocket (from `../node_modules/react-native/`)
  - React-CoreModules (from `../node_modules/react-native/React/CoreModules`)
  - React-cxxreact (from `../node_modules/react-native/ReactCommon/cxxreact`)
  - React-jsi (from `../node_modules/react-native/ReactCommon/jsi`)
  - React-jsiexecutor (from `../node_modules/react-native/ReactCommon/jsiexecutor`)
  - React-jsinspector (from `../node_modules/react-native/ReactCommon/jsinspector`)
  - react-native-camera (from `../node_modules/react-native-camera`)
  - "react-native-geolocation (from `../node_modules/@react-native-community/geolocation`)"
  - react-native-geolocation-service (from `../node_modules/react-native-geolocation-service`)
  - react-native-image-picker (from `../node_modules/react-native-image-picker`)
  - react-native-maps (from `../node_modules/react-native-maps`)
  - "react-native-netinfo (from `../node_modules/@react-native-community/netinfo`)"
  - react-native-notifications (from `../node_modules/react-native-notifications`)
  - react-native-version-check (from `../node_modules/react-native-version-check`)
  - react-native-webview (from `../node_modules/react-native-webview`)
  - React-RCTActionSheet (from `../node_modules/react-native/Libraries/ActionSheetIOS`)
  - React-RCTAnimation (from `../node_modules/react-native/Libraries/NativeAnimation`)
  - React-RCTBlob (from `../node_modules/react-native/Libraries/Blob`)
  - React-RCTImage (from `../node_modules/react-native/Libraries/Image`)
  - React-RCTLinking (from `../node_modules/react-native/Libraries/LinkingIOS`)
  - React-RCTNetwork (from `../node_modules/react-native/Libraries/Network`)
  - React-RCTSettings (from `../node_modules/react-native/Libraries/Settings`)
  - React-RCTText (from `../node_modules/react-native/Libraries/Text`)
  - React-RCTVibration (from `../node_modules/react-native/Libraries/Vibration`)
  - ReactCommon/turbomodule/core (from `../node_modules/react-native/ReactCommon`)
  - "ReactNativeAudioToolkit (from `../node_modules/@react-native-community/audio-toolkit`)"
  - "RNCAsyncStorage (from `../node_modules/@react-native-community/async-storage`)"
  - "RNCCheckbox (from `../node_modules/@react-native-community/checkbox`)"
  - "RNCPicker (from `../node_modules/@react-native-community/picker`)"
  - "RNDateTimePicker (from `../node_modules/@react-native-community/datetimepicker`)"
  - RNDeviceInfo (from `../node_modules/react-native-device-info`)
  - RNGestureHandler (from `../node_modules/react-native-gesture-handler`)
  - RNPermissions (from `../node_modules/react-native-permissions`)
  - RNReanimated (from `../node_modules/react-native-reanimated`)
  - RNScreens (from `../node_modules/react-native-screens`)
  - "RNSketchCanvas (from `../node_modules/@terrylinla/react-native-sketch-canvas`)"
  - RNSVG (from `../node_modules/react-native-svg`)
  - "toolbar-android (from `../node_modules/@react-native-community/toolbar-android`)"
  - Yoga (from `../node_modules/react-native/ReactCommon/yoga`)

SPEC REPOS:
  trunk:
    - boost-for-react-native

EXTERNAL SOURCES:
  BVLinearGradient:
    :path: "../node_modules/react-native-linear-gradient"
  DoubleConversion:
    :podspec: "../node_modules/react-native/third-party-podspecs/DoubleConversion.podspec"
  FBLazyVector:
    :path: "../node_modules/react-native/Libraries/FBLazyVector"
  FBReactNativeSpec:
    :path: "../node_modules/react-native/Libraries/FBReactNativeSpec"
  Folly:
    :podspec: "../node_modules/react-native/third-party-podspecs/Folly.podspec"
  glog:
    :podspec: "../node_modules/react-native/third-party-podspecs/glog.podspec"
  Permission-Camera:
    :path: "../node_modules/react-native-permissions/ios/Camera.podspec"
  Permission-MediaLibrary:
    :path: "../node_modules/react-native-permissions/ios/MediaLibrary.podspec"
  Permission-PhotoLibrary:
    :path: "../node_modules/react-native-permissions/ios/PhotoLibrary.podspec"
  RCTRequired:
    :path: "../node_modules/react-native/Libraries/RCTRequired"
  RCTTypeSafety:
    :path: "../node_modules/react-native/Libraries/TypeSafety"
  React:
    :path: "../node_modules/react-native/"
  React-callinvoker:
    :path: "../node_modules/react-native/ReactCommon/callinvoker"
  React-Core:
    :path: "../node_modules/react-native/"
  React-CoreModules:
    :path: "../node_modules/react-native/React/CoreModules"
  React-cxxreact:
    :path: "../node_modules/react-native/ReactCommon/cxxreact"
  React-jsi:
    :path: "../node_modules/react-native/ReactCommon/jsi"
  React-jsiexecutor:
    :path: "../node_modules/react-native/ReactCommon/jsiexecutor"
  React-jsinspector:
    :path: "../node_modules/react-native/ReactCommon/jsinspector"
  react-native-camera:
    :path: "../node_modules/react-native-camera"
  react-native-geolocation:
    :path: "../node_modules/@react-native-community/geolocation"
  react-native-geolocation-service:
    :path: "../node_modules/react-native-geolocation-service"
  react-native-image-picker:
    :path: "../node_modules/react-native-image-picker"
  react-native-maps:
    :path: "../node_modules/react-native-maps"
  react-native-netinfo:
    :path: "../node_modules/@react-native-community/netinfo"
  react-native-notifications:
    :path: "../node_modules/react-native-notifications"
  react-native-version-check:
    :path: "../node_modules/react-native-version-check"
  react-native-webview:
    :path: "../node_modules/react-native-webview"
  React-RCTActionSheet:
    :path: "../node_modules/react-native/Libraries/ActionSheetIOS"
  React-RCTAnimation:
    :path: "../node_modules/react-native/Libraries/NativeAnimation"
  React-RCTBlob:
    :path: "../node_modules/react-native/Libraries/Blob"
  React-RCTImage:
    :path: "../node_modules/react-native/Libraries/Image"
  React-RCTLinking:
    :path: "../node_modules/react-native/Libraries/LinkingIOS"
  React-RCTNetwork:
    :path: "../node_modules/react-native/Libraries/Network"
  React-RCTSettings:
    :path: "../node_modules/react-native/Libraries/Settings"
  React-RCTText:
    :path: "../node_modules/react-native/Libraries/Text"
  React-RCTVibration:
    :path: "../node_modules/react-native/Libraries/Vibration"
  ReactCommon:
    :path: "../node_modules/react-native/ReactCommon"
  ReactNativeAudioToolkit:
    :path: "../node_modules/@react-native-community/audio-toolkit"
  RNCAsyncStorage:
    :path: "../node_modules/@react-native-community/async-storage"
  RNCCheckbox:
    :path: "../node_modules/@react-native-community/checkbox"
  RNCPicker:
    :path: "../node_modules/@react-native-community/picker"
  RNDateTimePicker:
    :path: "../node_modules/@react-native-community/datetimepicker"
  RNDeviceInfo:
    :path: "../node_modules/react-native-device-info"
  RNGestureHandler:
    :path: "../node_modules/react-native-gesture-handler"
  RNPermissions:
    :path: "../node_modules/react-native-permissions"
  RNReanimated:
    :path: "../node_modules/react-native-reanimated"
  RNScreens:
    :path: "../node_modules/react-native-screens"
  RNSketchCanvas:
    :path: "../node_modules/@terrylinla/react-native-sketch-canvas"
  RNSVG:
    :path: "../node_modules/react-native-svg"
  toolbar-android:
    :path: "../node_modules/@react-native-community/toolbar-android"
  Yoga:
    :path: "../node_modules/react-native/ReactCommon/yoga"

SPEC CHECKSUMS:
  boost-for-react-native: 39c7adb57c4e60d6c5479dd8623128eb5b3f0f2c
  BVLinearGradient: e3aad03778a456d77928f594a649e96995f1c872
  DoubleConversion: cde416483dac037923206447da6e1454df403714
  FBLazyVector: 878b59e31113e289e275165efbe4b54fa614d43d
  FBReactNativeSpec: 7da9338acfb98d4ef9e5536805a0704572d33c2f
  Folly: b73c3869541e86821df3c387eb0af5f65addfab4
  glog: 40a13f7840415b9a77023fbcae0f1e6f43192af3
  Permission-Camera: 375576c57ea625c88137d2cc52ba6dfeb21db036
  Permission-MediaLibrary: 15d9c454f68f3422f1106fe09694fedac8db16e5
  Permission-PhotoLibrary: bb20a7ac8aec0f7459558e5fbe2bd0a6f2744be3
  RCTRequired: 48884c74035a0b5b76dbb7a998bd93bcfc5f2047
  RCTTypeSafety: edf4b618033c2f1c5b7bc3d90d8e085ed95ba2ab
  React: f36e90f3ceb976546e97df3403e37d226f79d0e3
  React-callinvoker: 18874f621eb96625df7a24a7dc8d6e07391affcd
  React-Core: ac3d816b8e3493970153f4aaf0cff18af0bb95e6
  React-CoreModules: 4016d3a4e518bcfc4f5a51252b5a05692ca6f0e1
  React-cxxreact: ffc9129013b87cb36cf3f30a86695a3c397b0f99
  React-jsi: df07aa95b39c5be3e41199921509bfa929ed2b9d
  React-jsiexecutor: b56c03e61c0dd5f5801255f2160a815f4a53d451
  React-jsinspector: 8e68ffbfe23880d3ee9bafa8be2777f60b25cbe2
  react-native-camera: 5c1fbfecf63b802b8ca4a71c60d30a71550fb348
  react-native-geolocation: cbd9d6bd06bac411eed2671810f454d4908484a8
  react-native-geolocation-service: 141e33bdb179bcba10b216ee13962611e21f2be4
  react-native-image-picker: 3637d63fef7e32a230141ab4660d3ceb773c824f
  react-native-maps: f4b89da81626ad7f151a8bfcb79733295d31ce5c
  react-native-netinfo: 77d133105df525d4a11f10fcaa8d0b8883ea6429
  react-native-notifications: 04d36ee5688b18e5b4ec283b9b65bd3e9df75c19
  react-native-version-check: 9f9332ff4552fb00e0bd15b097a8d302b2b8413b
  react-native-webview: ef8d30ecc5baf6bf7821690180c2f9bf2bdf00c0
  React-RCTActionSheet: 53ea72699698b0b47a6421cb1c8b4ab215a774aa
  React-RCTAnimation: 1befece0b5183c22ae01b966f5583f42e69a83c2
  React-RCTBlob: 0b284339cbe4b15705a05e2313a51c6d8b51fa40
  React-RCTImage: d1756599ebd4dc2cb19d1682fe67c6b976658387
  React-RCTLinking: 9af0a51c6d6a4dd1674daadafffc6d03033a6d18
  React-RCTNetwork: 332c83929cc5eae0b3bbca4add1d668e1fc18bda
  React-RCTSettings: d6953772cfd55f2c68ad72b7ef29efc7ec49f773
  React-RCTText: 65a6de06a7389098ce24340d1d3556015c38f746
  React-RCTVibration: 8e9fb25724a0805107fc1acc9075e26f814df454
  ReactCommon: 4167844018c9ed375cc01a843e9ee564399e53c3
  ReactNativeAudioToolkit: e3e27fbcd12080f54f8715c54de7a232d3beb98d
  RNCAsyncStorage: cb9a623793918c6699586281f0b51cbc38f046f9
  RNCCheckbox: 2e90172b1ba7a5c7d88f50f6243fe16566bf03aa
  RNCPicker: 914b557e20b3b8317b084aca9ff4b4edb95f61e4
  RNDateTimePicker: dc9dab744823a2c734dbc7362cdf57a3adba3c43
  RNDeviceInfo: e841619c3dac5495a095c5455473579ff04908d4
  RNGestureHandler: 946a7691e41df61e2c4b1884deab41a4cdc3afff
  RNPermissions: 067727df624665d4a6c8e2cffcc172ba608b96ed
  RNReanimated: e03f7425cb7a38dcf1b644d680d1bfc91c3337ad
  RNScreens: 2ad555d4d9fa10b91bb765ca07fe9b29d59573f0
  RNSketchCanvas: 6939b18677cd1794151cc3d8eb5a0a2158a4a05b
  RNSVG: 8ba35cbeb385a52fd960fd28db9d7d18b4c2974f
  toolbar-android: 404f4450b203597e7b417f714ff417bed562a1be
  Yoga: 7d13633d129fd179e01b8953d38d47be90db185a

PODFILE CHECKSUM: 729614a25e95200d497e72d1b6116d838858d6a2

COCOAPODS: 1.9.0
